
Microsoft Visual Studio Solution File, Format Version 12.00
# Visual Studio 14
VisualStudioVersion = 14.0.25420.1
MinimumVisualStudioVersion = 10.0.40219.1
Project("{FAE04EC0-301F-11D3-BF4B-00C04F79EFBC}") = "GestionePEC", "GestionePEC\GestionePEC.csproj", "{31B57540-8663-40F3-BEEF-B5E238822D5F}"
EndProject
Project("{FAE04EC0-301F-11D3-BF4B-00C04F79EFBC}") = "Com.Delta.Logging", "Com.Delta.Logging\Com.Delta.Logging.csproj", "{A8C15D12-6E47-4AF5-BADF-B6CBC421EC40}"
EndProject
Project("{FAE04EC0-301F-11D3-BF4B-00C04F79EFBC}") = "Com.Delta.Messaging", "Com.Delta.Messaging\Com.Delta.Messaging.csproj", "{6D059F33-F847-4727-8C8A-000B99121A8A}"
EndProject
Project("{FAE04EC0-301F-11D3-BF4B-00C04F79EFBC}") = "Com.Delta.Web", "Com.Delta.Web\Com.Delta.Web.csproj", "{CDB0C146-9A70-4DD9-B878-29BB982157CA}"
EndProject
Project("{FAE04EC0-301F-11D3-BF4B-00C04F79EFBC}") = "Com.Delta.Security", "Com.Delta.Security\Com.Delta.Security.csproj", "{D71D572B-6055-4944-AAD2-2E83A8CB3B0D}"
EndProject
Project("{2150E333-8FDC-42A3-9474-1A3956D46DE8}") = "ActiveUp.Net", "ActiveUp.Net", "{D4806BFE-4981-4A38-B2B9-4AAA0C68ABA9}"
EndProject
Project("{FAE04EC0-301F-11D3-BF4B-00C04F79EFBC}") = "ActiveUp.Net.Common", "ActiveUp.Net\ActiveUp.Net.Common\ActiveUp.Net.Common.csproj", "{3A83AE95-C23F-48B4-9F1A-AD4B32C37B93}"
EndProject
Project("{FAE04EC0-301F-11D3-BF4B-00C04F79EFBC}") = "ActiveUp.Net.Dns", "ActiveUp.Net\ActiveUp.Net.Dns\ActiveUp.Net.Dns.csproj", "{A82CE4DD-9B08-439C-BC28-CB7B2BFFA85C}"
EndProject
Project("{FAE04EC0-301F-11D3-BF4B-00C04F79EFBC}") = "ActiveUp.Net.Imap4", "ActiveUp.Net\ActiveUp.Net.Imap4\ActiveUp.Net.Imap4.csproj", "{6BEE77DF-2DD2-41C3-BA16-60E20B1EDDCC}"
EndProject
Project("{FAE04EC0-301F-11D3-BF4B-00C04F79EFBC}") = "ActiveUp.Net.Pop3", "ActiveUp.Net\ActiveUp.Net.Pop3\ActiveUp.Net.Pop3.csproj", "{3F01CF20-C49D-44A9-AA57-68F04915FE97}"
EndProject
Project("{FAE04EC0-301F-11D3-BF4B-00C04F79EFBC}") = "ActiveUp.Net.Smtp", "ActiveUp.Net\ActiveUp.Net.Smtp\ActiveUp.Net.Smtp.csproj", "{D9BCD15E-A438-4554-89D3-1CF122167FDD}"
EndProject
Project("{2150E333-8FDC-42A3-9474-1A3956D46DE8}") = "SendMail", "SendMail", "{7715B305-CA48-4644-9657-FEEFE2854881}"
EndProject
Project("{FAE04EC0-301F-11D3-BF4B-00C04F79EFBC}") = "SendMail.Business", "SendMail\SendMailBusiness\SendMail.Business.csproj", "{ADB531C5-221B-4182-8270-799AF268C75A}"
EndProject
Project("{FAE04EC0-301F-11D3-BF4B-00C04F79EFBC}") = "SendMail.Model", "SendMail\SendMail.Model\SendMail.Model.csproj", "{647C1188-A0DA-412B-9640-218CF6C3E99A}"
EndProject
Project("{FAE04EC0-301F-11D3-BF4B-00C04F79EFBC}") = "SendMail.Data.OracleDb", "SendMail\SendMailProject\SendMail.Data.OracleDb\SendMail.Data.OracleDb.csproj", "{492C4859-0E27-4F6A-8E85-EC0B479FE035}"
EndProject
Project("{FAE04EC0-301F-11D3-BF4B-00C04F79EFBC}") = "MailBusiness", "MailBusiness\MailBusiness.csproj", "{66272711-71C1-4DD0-9B02-2800585A3A1D}"
EndProject
Project("{FAE04EC0-301F-11D3-BF4B-00C04F79EFBC}") = "Com.Delta.Data.DeltaStub", "Com.Delta.Data.DeltaStub\Com.Delta.Data.DeltaStub.csproj", "{C67D38CA-DC29-416B-8ECA-3F9317ED0C88}"
EndProject
Project("{FAE04EC0-301F-11D3-BF4B-00C04F79EFBC}") = "Com.Delta.Mail", "Com.Delta.Mail\Com.Delta.Mail.csproj", "{62E74FAF-8C36-4874-8598-545F2A8371DA}"
EndProject
Project("{FAE04EC0-301F-11D3-BF4B-00C04F79EFBC}") = "Com.Delta.PrintManager", "Com.Delta.PrintManager\Com.Delta.PrintManager.csproj", "{71BFA2EB-BACD-4576-8448-D9A7187FA62F}"
EndProject
Project("{FAE04EC0-301F-11D3-BF4B-00C04F79EFBC}") = "Com.Delta.Print", "Com.Delta.Print\Com.Delta.Print.csproj", "{A3E89E05-618D-4C9E-B961-E684C1476168}"
EndProject
Global
	GlobalSection(SolutionConfigurationPlatforms) = preSolution
		Debug|Any CPU = Debug|Any CPU
		Debug|x64 = Debug|x64
		Debug|x86 = Debug|x86
		MailSystem Dev|Any CPU = MailSystem Dev|Any CPU
		MailSystem Dev|x64 = MailSystem Dev|x64
		MailSystem Dev|x86 = MailSystem Dev|x86
		Release|Any CPU = Release|Any CPU
		Release|x64 = Release|x64
		Release|x86 = Release|x86
		Retail|Any CPU = Retail|Any CPU
		Retail|x64 = Retail|x64
		Retail|x86 = Retail|x86
		Trial|Any CPU = Trial|Any CPU
		Trial|x64 = Trial|x64
		Trial|x86 = Trial|x86
	EndGlobalSection
	GlobalSection(ProjectConfigurationPlatforms) = postSolution
		{31B57540-8663-40F3-BEEF-B5E238822D5F}.Debug|Any CPU.ActiveCfg = Debug|Any CPU
		{31B57540-8663-40F3-BEEF-B5E238822D5F}.Debug|Any CPU.Build.0 = Debug|Any CPU
		{31B57540-8663-40F3-BEEF-B5E238822D5F}.Debug|x64.ActiveCfg = Debug|Any CPU
		{31B57540-8663-40F3-BEEF-B5E238822D5F}.Debug|x64.Build.0 = Debug|Any CPU
		{31B57540-8663-40F3-BEEF-B5E238822D5F}.Debug|x86.ActiveCfg = Debug|Any CPU
		{31B57540-8663-40F3-BEEF-B5E238822D5F}.Debug|x86.Build.0 = Debug|Any CPU
		{31B57540-8663-40F3-BEEF-B5E238822D5F}.MailSystem Dev|Any CPU.ActiveCfg = Release|Any CPU
		{31B57540-8663-40F3-BEEF-B5E238822D5F}.MailSystem Dev|Any CPU.Build.0 = Release|Any CPU
		{31B57540-8663-40F3-BEEF-B5E238822D5F}.MailSystem Dev|x64.ActiveCfg = Release|Any CPU
		{31B57540-8663-40F3-BEEF-B5E238822D5F}.MailSystem Dev|x64.Build.0 = Release|Any CPU
		{31B57540-8663-40F3-BEEF-B5E238822D5F}.MailSystem Dev|x86.ActiveCfg = Release|Any CPU
		{31B57540-8663-40F3-BEEF-B5E238822D5F}.MailSystem Dev|x86.Build.0 = Release|Any CPU
		{31B57540-8663-40F3-BEEF-B5E238822D5F}.Release|Any CPU.ActiveCfg = Release|Any CPU
		{31B57540-8663-40F3-BEEF-B5E238822D5F}.Release|Any CPU.Build.0 = Release|Any CPU
		{31B57540-8663-40F3-BEEF-B5E238822D5F}.Release|x64.ActiveCfg = Release|Any CPU
		{31B57540-8663-40F3-BEEF-B5E238822D5F}.Release|x64.Build.0 = Release|Any CPU
		{31B57540-8663-40F3-BEEF-B5E238822D5F}.Release|x86.ActiveCfg = Release|Any CPU
		{31B57540-8663-40F3-BEEF-B5E238822D5F}.Release|x86.Build.0 = Release|Any CPU
		{31B57540-8663-40F3-BEEF-B5E238822D5F}.Retail|Any CPU.ActiveCfg = Release|Any CPU
		{31B57540-8663-40F3-BEEF-B5E238822D5F}.Retail|Any CPU.Build.0 = Release|Any CPU
		{31B57540-8663-40F3-BEEF-B5E238822D5F}.Retail|x64.ActiveCfg = Release|Any CPU
		{31B57540-8663-40F3-BEEF-B5E238822D5F}.Retail|x64.Build.0 = Release|Any CPU
		{31B57540-8663-40F3-BEEF-B5E238822D5F}.Retail|x86.ActiveCfg = Release|Any CPU
		{31B57540-8663-40F3-BEEF-B5E238822D5F}.Retail|x86.Build.0 = Release|Any CPU
		{31B57540-8663-40F3-BEEF-B5E238822D5F}.Trial|Any CPU.ActiveCfg = Release|Any CPU
		{31B57540-8663-40F3-BEEF-B5E238822D5F}.Trial|Any CPU.Build.0 = Release|Any CPU
		{31B57540-8663-40F3-BEEF-B5E238822D5F}.Trial|x64.ActiveCfg = Release|Any CPU
		{31B57540-8663-40F3-BEEF-B5E238822D5F}.Trial|x64.Build.0 = Release|Any CPU
		{31B57540-8663-40F3-BEEF-B5E238822D5F}.Trial|x86.ActiveCfg = Release|Any CPU
		{31B57540-8663-40F3-BEEF-B5E238822D5F}.Trial|x86.Build.0 = Release|Any CPU
		{A8C15D12-6E47-4AF5-BADF-B6CBC421EC40}.Debug|Any CPU.ActiveCfg = Debug|Any CPU
		{A8C15D12-6E47-4AF5-BADF-B6CBC421EC40}.Debug|Any CPU.Build.0 = Debug|Any CPU
		{A8C15D12-6E47-4AF5-BADF-B6CBC421EC40}.Debug|x64.ActiveCfg = Debug|Any CPU
		{A8C15D12-6E47-4AF5-BADF-B6CBC421EC40}.Debug|x64.Build.0 = Debug|Any CPU
		{A8C15D12-6E47-4AF5-BADF-B6CBC421EC40}.Debug|x86.ActiveCfg = Debug|Any CPU
		{A8C15D12-6E47-4AF5-BADF-B6CBC421EC40}.Debug|x86.Build.0 = Debug|Any CPU
		{A8C15D12-6E47-4AF5-BADF-B6CBC421EC40}.MailSystem Dev|Any CPU.ActiveCfg = Release|Any CPU
		{A8C15D12-6E47-4AF5-BADF-B6CBC421EC40}.MailSystem Dev|Any CPU.Build.0 = Release|Any CPU
		{A8C15D12-6E47-4AF5-BADF-B6CBC421EC40}.MailSystem Dev|x64.ActiveCfg = Release|Any CPU
		{A8C15D12-6E47-4AF5-BADF-B6CBC421EC40}.MailSystem Dev|x64.Build.0 = Release|Any CPU
		{A8C15D12-6E47-4AF5-BADF-B6CBC421EC40}.MailSystem Dev|x86.ActiveCfg = Release|Any CPU
		{A8C15D12-6E47-4AF5-BADF-B6CBC421EC40}.MailSystem Dev|x86.Build.0 = Release|Any CPU
		{A8C15D12-6E47-4AF5-BADF-B6CBC421EC40}.Release|Any CPU.ActiveCfg = Release|Any CPU
		{A8C15D12-6E47-4AF5-BADF-B6CBC421EC40}.Release|Any CPU.Build.0 = Release|Any CPU
		{A8C15D12-6E47-4AF5-BADF-B6CBC421EC40}.Release|x64.ActiveCfg = Release|Any CPU
		{A8C15D12-6E47-4AF5-BADF-B6CBC421EC40}.Release|x64.Build.0 = Release|Any CPU
		{A8C15D12-6E47-4AF5-BADF-B6CBC421EC40}.Release|x86.ActiveCfg = Release|Any CPU
		{A8C15D12-6E47-4AF5-BADF-B6CBC421EC40}.Release|x86.Build.0 = Release|Any CPU
		{A8C15D12-6E47-4AF5-BADF-B6CBC421EC40}.Retail|Any CPU.ActiveCfg = Release|Any CPU
		{A8C15D12-6E47-4AF5-BADF-B6CBC421EC40}.Retail|Any CPU.Build.0 = Release|Any CPU
		{A8C15D12-6E47-4AF5-BADF-B6CBC421EC40}.Retail|x64.ActiveCfg = Release|Any CPU
		{A8C15D12-6E47-4AF5-BADF-B6CBC421EC40}.Retail|x64.Build.0 = Release|Any CPU
		{A8C15D12-6E47-4AF5-BADF-B6CBC421EC40}.Retail|x86.ActiveCfg = Release|Any CPU
		{A8C15D12-6E47-4AF5-BADF-B6CBC421EC40}.Retail|x86.Build.0 = Release|Any CPU
		{A8C15D12-6E47-4AF5-BADF-B6CBC421EC40}.Trial|Any CPU.ActiveCfg = Release|Any CPU
		{A8C15D12-6E47-4AF5-BADF-B6CBC421EC40}.Trial|Any CPU.Build.0 = Release|Any CPU
		{A8C15D12-6E47-4AF5-BADF-B6CBC421EC40}.Trial|x64.ActiveCfg = Release|Any CPU
		{A8C15D12-6E47-4AF5-BADF-B6CBC421EC40}.Trial|x64.Build.0 = Release|Any CPU
		{A8C15D12-6E47-4AF5-BADF-B6CBC421EC40}.Trial|x86.ActiveCfg = Release|Any CPU
		{A8C15D12-6E47-4AF5-BADF-B6CBC421EC40}.Trial|x86.Build.0 = Release|Any CPU
		{6D059F33-F847-4727-8C8A-000B99121A8A}.Debug|Any CPU.ActiveCfg = Debug|Any CPU
		{6D059F33-F847-4727-8C8A-000B99121A8A}.Debug|Any CPU.Build.0 = Debug|Any CPU
		{6D059F33-F847-4727-8C8A-000B99121A8A}.Debug|x64.ActiveCfg = Debug|Any CPU
		{6D059F33-F847-4727-8C8A-000B99121A8A}.Debug|x64.Build.0 = Debug|Any CPU
		{6D059F33-F847-4727-8C8A-000B99121A8A}.Debug|x86.ActiveCfg = Debug|Any CPU
		{6D059F33-F847-4727-8C8A-000B99121A8A}.Debug|x86.Build.0 = Debug|Any CPU
		{6D059F33-F847-4727-8C8A-000B99121A8A}.MailSystem Dev|Any CPU.ActiveCfg = Release|Any CPU
		{6D059F33-F847-4727-8C8A-000B99121A8A}.MailSystem Dev|Any CPU.Build.0 = Release|Any CPU
		{6D059F33-F847-4727-8C8A-000B99121A8A}.MailSystem Dev|x64.ActiveCfg = Release|Any CPU
		{6D059F33-F847-4727-8C8A-000B99121A8A}.MailSystem Dev|x64.Build.0 = Release|Any CPU
		{6D059F33-F847-4727-8C8A-000B99121A8A}.MailSystem Dev|x86.ActiveCfg = Release|Any CPU
		{6D059F33-F847-4727-8C8A-000B99121A8A}.MailSystem Dev|x86.Build.0 = Release|Any CPU
		{6D059F33-F847-4727-8C8A-000B99121A8A}.Release|Any CPU.ActiveCfg = Release|Any CPU
		{6D059F33-F847-4727-8C8A-000B99121A8A}.Release|Any CPU.Build.0 = Release|Any CPU
		{6D059F33-F847-4727-8C8A-000B99121A8A}.Release|x64.ActiveCfg = Release|Any CPU
		{6D059F33-F847-4727-8C8A-000B99121A8A}.Release|x64.Build.0 = Release|Any CPU
		{6D059F33-F847-4727-8C8A-000B99121A8A}.Release|x86.ActiveCfg = Release|Any CPU
		{6D059F33-F847-4727-8C8A-000B99121A8A}.Release|x86.Build.0 = Release|Any CPU
		{6D059F33-F847-4727-8C8A-000B99121A8A}.Retail|Any CPU.ActiveCfg = Release|Any CPU
		{6D059F33-F847-4727-8C8A-000B99121A8A}.Retail|Any CPU.Build.0 = Release|Any CPU
		{6D059F33-F847-4727-8C8A-000B99121A8A}.Retail|x64.ActiveCfg = Release|Any CPU
		{6D059F33-F847-4727-8C8A-000B99121A8A}.Retail|x64.Build.0 = Release|Any CPU
		{6D059F33-F847-4727-8C8A-000B99121A8A}.Retail|x86.ActiveCfg = Release|Any CPU
		{6D059F33-F847-4727-8C8A-000B99121A8A}.Retail|x86.Build.0 = Release|Any CPU
		{6D059F33-F847-4727-8C8A-000B99121A8A}.Trial|Any CPU.ActiveCfg = Release|Any CPU
		{6D059F33-F847-4727-8C8A-000B99121A8A}.Trial|Any CPU.Build.0 = Release|Any CPU
		{6D059F33-F847-4727-8C8A-000B99121A8A}.Trial|x64.ActiveCfg = Release|Any CPU
		{6D059F33-F847-4727-8C8A-000B99121A8A}.Trial|x64.Build.0 = Release|Any CPU
		{6D059F33-F847-4727-8C8A-000B99121A8A}.Trial|x86.ActiveCfg = Release|Any CPU
		{6D059F33-F847-4727-8C8A-000B99121A8A}.Trial|x86.Build.0 = Release|Any CPU
		{CDB0C146-9A70-4DD9-B878-29BB982157CA}.Debug|Any CPU.ActiveCfg = Debug|Any CPU
		{CDB0C146-9A70-4DD9-B878-29BB982157CA}.Debug|Any CPU.Build.0 = Debug|Any CPU
		{CDB0C146-9A70-4DD9-B878-29BB982157CA}.Debug|x64.ActiveCfg = Debug|Any CPU
		{CDB0C146-9A70-4DD9-B878-29BB982157CA}.Debug|x64.Build.0 = Debug|Any CPU
		{CDB0C146-9A70-4DD9-B878-29BB982157CA}.Debug|x86.ActiveCfg = Debug|Any CPU
		{CDB0C146-9A70-4DD9-B878-29BB982157CA}.Debug|x86.Build.0 = Debug|Any CPU
		{CDB0C146-9A70-4DD9-B878-29BB982157CA}.MailSystem Dev|Any CPU.ActiveCfg = Release|Any CPU
		{CDB0C146-9A70-4DD9-B878-29BB982157CA}.MailSystem Dev|Any CPU.Build.0 = Release|Any CPU
		{CDB0C146-9A70-4DD9-B878-29BB982157CA}.MailSystem Dev|x64.ActiveCfg = Release|Any CPU
		{CDB0C146-9A70-4DD9-B878-29BB982157CA}.MailSystem Dev|x64.Build.0 = Release|Any CPU
		{CDB0C146-9A70-4DD9-B878-29BB982157CA}.MailSystem Dev|x86.ActiveCfg = Release|Any CPU
		{CDB0C146-9A70-4DD9-B878-29BB982157CA}.MailSystem Dev|x86.Build.0 = Release|Any CPU
		{CDB0C146-9A70-4DD9-B878-29BB982157CA}.Release|Any CPU.ActiveCfg = Release|Any CPU
		{CDB0C146-9A70-4DD9-B878-29BB982157CA}.Release|Any CPU.Build.0 = Release|Any CPU
		{CDB0C146-9A70-4DD9-B878-29BB982157CA}.Release|x64.ActiveCfg = Release|Any CPU
		{CDB0C146-9A70-4DD9-B878-29BB982157CA}.Release|x64.Build.0 = Release|Any CPU
		{CDB0C146-9A70-4DD9-B878-29BB982157CA}.Release|x86.ActiveCfg = Release|Any CPU
		{CDB0C146-9A70-4DD9-B878-29BB982157CA}.Release|x86.Build.0 = Release|Any CPU
		{CDB0C146-9A70-4DD9-B878-29BB982157CA}.Retail|Any CPU.ActiveCfg = Release|Any CPU
		{CDB0C146-9A70-4DD9-B878-29BB982157CA}.Retail|Any CPU.Build.0 = Release|Any CPU
		{CDB0C146-9A70-4DD9-B878-29BB982157CA}.Retail|x64.ActiveCfg = Release|Any CPU
		{CDB0C146-9A70-4DD9-B878-29BB982157CA}.Retail|x64.Build.0 = Release|Any CPU
		{CDB0C146-9A70-4DD9-B878-29BB982157CA}.Retail|x86.ActiveCfg = Release|Any CPU
		{CDB0C146-9A70-4DD9-B878-29BB982157CA}.Retail|x86.Build.0 = Release|Any CPU
		{CDB0C146-9A70-4DD9-B878-29BB982157CA}.Trial|Any CPU.ActiveCfg = Release|Any CPU
		{CDB0C146-9A70-4DD9-B878-29BB982157CA}.Trial|Any CPU.Build.0 = Release|Any CPU
		{CDB0C146-9A70-4DD9-B878-29BB982157CA}.Trial|x64.ActiveCfg = Release|Any CPU
		{CDB0C146-9A70-4DD9-B878-29BB982157CA}.Trial|x64.Build.0 = Release|Any CPU
		{CDB0C146-9A70-4DD9-B878-29BB982157CA}.Trial|x86.ActiveCfg = Release|Any CPU
		{CDB0C146-9A70-4DD9-B878-29BB982157CA}.Trial|x86.Build.0 = Release|Any CPU
		{D71D572B-6055-4944-AAD2-2E83A8CB3B0D}.Debug|Any CPU.ActiveCfg = Debug|Any CPU
		{D71D572B-6055-4944-AAD2-2E83A8CB3B0D}.Debug|Any CPU.Build.0 = Debug|Any CPU
		{D71D572B-6055-4944-AAD2-2E83A8CB3B0D}.Debug|x64.ActiveCfg = Debug|Any CPU
		{D71D572B-6055-4944-AAD2-2E83A8CB3B0D}.Debug|x64.Build.0 = Debug|Any CPU
		{D71D572B-6055-4944-AAD2-2E83A8CB3B0D}.Debug|x86.ActiveCfg = Debug|Any CPU
		{D71D572B-6055-4944-AAD2-2E83A8CB3B0D}.Debug|x86.Build.0 = Debug|Any CPU
		{D71D572B-6055-4944-AAD2-2E83A8CB3B0D}.MailSystem Dev|Any CPU.ActiveCfg = Release|Any CPU
		{D71D572B-6055-4944-AAD2-2E83A8CB3B0D}.MailSystem Dev|Any CPU.Build.0 = Release|Any CPU
		{D71D572B-6055-4944-AAD2-2E83A8CB3B0D}.MailSystem Dev|x64.ActiveCfg = Release|Any CPU
		{D71D572B-6055-4944-AAD2-2E83A8CB3B0D}.MailSystem Dev|x64.Build.0 = Release|Any CPU
		{D71D572B-6055-4944-AAD2-2E83A8CB3B0D}.MailSystem Dev|x86.ActiveCfg = Release|Any CPU
		{D71D572B-6055-4944-AAD2-2E83A8CB3B0D}.MailSystem Dev|x86.Build.0 = Release|Any CPU
		{D71D572B-6055-4944-AAD2-2E83A8CB3B0D}.Release|Any CPU.ActiveCfg = Release|Any CPU
		{D71D572B-6055-4944-AAD2-2E83A8CB3B0D}.Release|Any CPU.Build.0 = Release|Any CPU
		{D71D572B-6055-4944-AAD2-2E83A8CB3B0D}.Release|x64.ActiveCfg = Release|Any CPU
		{D71D572B-6055-4944-AAD2-2E83A8CB3B0D}.Release|x64.Build.0 = Release|Any CPU
		{D71D572B-6055-4944-AAD2-2E83A8CB3B0D}.Release|x86.ActiveCfg = Release|Any CPU
		{D71D572B-6055-4944-AAD2-2E83A8CB3B0D}.Release|x86.Build.0 = Release|Any CPU
		{D71D572B-6055-4944-AAD2-2E83A8CB3B0D}.Retail|Any CPU.ActiveCfg = Release|Any CPU
		{D71D572B-6055-4944-AAD2-2E83A8CB3B0D}.Retail|Any CPU.Build.0 = Release|Any CPU
		{D71D572B-6055-4944-AAD2-2E83A8CB3B0D}.Retail|x64.ActiveCfg = Release|Any CPU
		{D71D572B-6055-4944-AAD2-2E83A8CB3B0D}.Retail|x64.Build.0 = Release|Any CPU
		{D71D572B-6055-4944-AAD2-2E83A8CB3B0D}.Retail|x86.ActiveCfg = Release|Any CPU
		{D71D572B-6055-4944-AAD2-2E83A8CB3B0D}.Retail|x86.Build.0 = Release|Any CPU
		{D71D572B-6055-4944-AAD2-2E83A8CB3B0D}.Trial|Any CPU.ActiveCfg = Release|Any CPU
		{D71D572B-6055-4944-AAD2-2E83A8CB3B0D}.Trial|Any CPU.Build.0 = Release|Any CPU
		{D71D572B-6055-4944-AAD2-2E83A8CB3B0D}.Trial|x64.ActiveCfg = Release|Any CPU
		{D71D572B-6055-4944-AAD2-2E83A8CB3B0D}.Trial|x64.Build.0 = Release|Any CPU
		{D71D572B-6055-4944-AAD2-2E83A8CB3B0D}.Trial|x86.ActiveCfg = Release|Any CPU
		{D71D572B-6055-4944-AAD2-2E83A8CB3B0D}.Trial|x86.Build.0 = Release|Any CPU
		{3A83AE95-C23F-48B4-9F1A-AD4B32C37B93}.Debug|Any CPU.ActiveCfg = Debug|Any CPU
		{3A83AE95-C23F-48B4-9F1A-AD4B32C37B93}.Debug|Any CPU.Build.0 = Debug|Any CPU
		{3A83AE95-C23F-48B4-9F1A-AD4B32C37B93}.Debug|x64.ActiveCfg = Debug|x64
		{3A83AE95-C23F-48B4-9F1A-AD4B32C37B93}.Debug|x64.Build.0 = Debug|x64
		{3A83AE95-C23F-48B4-9F1A-AD4B32C37B93}.Debug|x86.ActiveCfg = Debug|x86
		{3A83AE95-C23F-48B4-9F1A-AD4B32C37B93}.Debug|x86.Build.0 = Debug|x86
		{3A83AE95-C23F-48B4-9F1A-AD4B32C37B93}.MailSystem Dev|Any CPU.ActiveCfg = MailSystem Dev|Any CPU
		{3A83AE95-C23F-48B4-9F1A-AD4B32C37B93}.MailSystem Dev|Any CPU.Build.0 = MailSystem Dev|Any CPU
		{3A83AE95-C23F-48B4-9F1A-AD4B32C37B93}.MailSystem Dev|x64.ActiveCfg = MailSystem Dev|x64
		{3A83AE95-C23F-48B4-9F1A-AD4B32C37B93}.MailSystem Dev|x64.Build.0 = MailSystem Dev|x64
		{3A83AE95-C23F-48B4-9F1A-AD4B32C37B93}.MailSystem Dev|x86.ActiveCfg = MailSystem Dev|x86
		{3A83AE95-C23F-48B4-9F1A-AD4B32C37B93}.MailSystem Dev|x86.Build.0 = MailSystem Dev|x86
		{3A83AE95-C23F-48B4-9F1A-AD4B32C37B93}.Release|Any CPU.ActiveCfg = Release|Any CPU
		{3A83AE95-C23F-48B4-9F1A-AD4B32C37B93}.Release|Any CPU.Build.0 = Release|Any CPU
		{3A83AE95-C23F-48B4-9F1A-AD4B32C37B93}.Release|x64.ActiveCfg = Release|x64
		{3A83AE95-C23F-48B4-9F1A-AD4B32C37B93}.Release|x64.Build.0 = Release|x64
		{3A83AE95-C23F-48B4-9F1A-AD4B32C37B93}.Release|x86.ActiveCfg = Release|x86
		{3A83AE95-C23F-48B4-9F1A-AD4B32C37B93}.Release|x86.Build.0 = Release|x86
		{3A83AE95-C23F-48B4-9F1A-AD4B32C37B93}.Retail|Any CPU.ActiveCfg = Retail|Any CPU
		{3A83AE95-C23F-48B4-9F1A-AD4B32C37B93}.Retail|Any CPU.Build.0 = Retail|Any CPU
		{3A83AE95-C23F-48B4-9F1A-AD4B32C37B93}.Retail|x64.ActiveCfg = Retail|x64
		{3A83AE95-C23F-48B4-9F1A-AD4B32C37B93}.Retail|x64.Build.0 = Retail|x64
		{3A83AE95-C23F-48B4-9F1A-AD4B32C37B93}.Retail|x86.ActiveCfg = Retail|x86
		{3A83AE95-C23F-48B4-9F1A-AD4B32C37B93}.Retail|x86.Build.0 = Retail|x86
		{3A83AE95-C23F-48B4-9F1A-AD4B32C37B93}.Trial|Any CPU.ActiveCfg = Trial|Any CPU
		{3A83AE95-C23F-48B4-9F1A-AD4B32C37B93}.Trial|Any CPU.Build.0 = Trial|Any CPU
		{3A83AE95-C23F-48B4-9F1A-AD4B32C37B93}.Trial|x64.ActiveCfg = Trial|x64
		{3A83AE95-C23F-48B4-9F1A-AD4B32C37B93}.Trial|x64.Build.0 = Trial|x64
		{3A83AE95-C23F-48B4-9F1A-AD4B32C37B93}.Trial|x86.ActiveCfg = Trial|x86
		{3A83AE95-C23F-48B4-9F1A-AD4B32C37B93}.Trial|x86.Build.0 = Trial|x86
		{A82CE4DD-9B08-439C-BC28-CB7B2BFFA85C}.Debug|Any CPU.ActiveCfg = Debug|Any CPU
		{A82CE4DD-9B08-439C-BC28-CB7B2BFFA85C}.Debug|Any CPU.Build.0 = Debug|Any CPU
		{A82CE4DD-9B08-439C-BC28-CB7B2BFFA85C}.Debug|x64.ActiveCfg = Debug|Any CPU
		{A82CE4DD-9B08-439C-BC28-CB7B2BFFA85C}.Debug|x64.Build.0 = Debug|Any CPU
		{A82CE4DD-9B08-439C-BC28-CB7B2BFFA85C}.Debug|x86.ActiveCfg = Debug|Any CPU
		{A82CE4DD-9B08-439C-BC28-CB7B2BFFA85C}.Debug|x86.Build.0 = Debug|Any CPU
		{A82CE4DD-9B08-439C-BC28-CB7B2BFFA85C}.MailSystem Dev|Any CPU.ActiveCfg = MailSystem Dev|Any CPU
		{A82CE4DD-9B08-439C-BC28-CB7B2BFFA85C}.MailSystem Dev|Any CPU.Build.0 = MailSystem Dev|Any CPU
		{A82CE4DD-9B08-439C-BC28-CB7B2BFFA85C}.MailSystem Dev|x64.ActiveCfg = MailSystem Dev|Any CPU
		{A82CE4DD-9B08-439C-BC28-CB7B2BFFA85C}.MailSystem Dev|x64.Build.0 = MailSystem Dev|Any CPU
		{A82CE4DD-9B08-439C-BC28-CB7B2BFFA85C}.MailSystem Dev|x86.ActiveCfg = MailSystem Dev|Any CPU
		{A82CE4DD-9B08-439C-BC28-CB7B2BFFA85C}.MailSystem Dev|x86.Build.0 = MailSystem Dev|Any CPU
		{A82CE4DD-9B08-439C-BC28-CB7B2BFFA85C}.Release|Any CPU.ActiveCfg = Release|Any CPU
		{A82CE4DD-9B08-439C-BC28-CB7B2BFFA85C}.Release|Any CPU.Build.0 = Release|Any CPU
		{A82CE4DD-9B08-439C-BC28-CB7B2BFFA85C}.Release|x64.ActiveCfg = Release|Any CPU
		{A82CE4DD-9B08-439C-BC28-CB7B2BFFA85C}.Release|x64.Build.0 = Release|Any CPU
		{A82CE4DD-9B08-439C-BC28-CB7B2BFFA85C}.Release|x86.ActiveCfg = Release|Any CPU
		{A82CE4DD-9B08-439C-BC28-CB7B2BFFA85C}.Release|x86.Build.0 = Release|Any CPU
		{A82CE4DD-9B08-439C-BC28-CB7B2BFFA85C}.Retail|Any CPU.ActiveCfg = Retail|Any CPU
		{A82CE4DD-9B08-439C-BC28-CB7B2BFFA85C}.Retail|Any CPU.Build.0 = Retail|Any CPU
		{A82CE4DD-9B08-439C-BC28-CB7B2BFFA85C}.Retail|x64.ActiveCfg = Retail|Any CPU
		{A82CE4DD-9B08-439C-BC28-CB7B2BFFA85C}.Retail|x64.Build.0 = Retail|Any CPU
		{A82CE4DD-9B08-439C-BC28-CB7B2BFFA85C}.Retail|x86.ActiveCfg = Retail|Any CPU
		{A82CE4DD-9B08-439C-BC28-CB7B2BFFA85C}.Retail|x86.Build.0 = Retail|Any CPU
		{A82CE4DD-9B08-439C-BC28-CB7B2BFFA85C}.Trial|Any CPU.ActiveCfg = Trial|Any CPU
		{A82CE4DD-9B08-439C-BC28-CB7B2BFFA85C}.Trial|Any CPU.Build.0 = Trial|Any CPU
		{A82CE4DD-9B08-439C-BC28-CB7B2BFFA85C}.Trial|x64.ActiveCfg = Trial|Any CPU
		{A82CE4DD-9B08-439C-BC28-CB7B2BFFA85C}.Trial|x64.Build.0 = Trial|Any CPU
		{A82CE4DD-9B08-439C-BC28-CB7B2BFFA85C}.Trial|x86.ActiveCfg = Trial|Any CPU
		{A82CE4DD-9B08-439C-BC28-CB7B2BFFA85C}.Trial|x86.Build.0 = Trial|Any CPU
		{6BEE77DF-2DD2-41C3-BA16-60E20B1EDDCC}.Debug|Any CPU.ActiveCfg = Debug|Any CPU
		{6BEE77DF-2DD2-41C3-BA16-60E20B1EDDCC}.Debug|Any CPU.Build.0 = Debug|Any CPU
		{6BEE77DF-2DD2-41C3-BA16-60E20B1EDDCC}.Debug|x64.ActiveCfg = Debug|Any CPU
		{6BEE77DF-2DD2-41C3-BA16-60E20B1EDDCC}.Debug|x64.Build.0 = Debug|Any CPU
		{6BEE77DF-2DD2-41C3-BA16-60E20B1EDDCC}.Debug|x86.ActiveCfg = Debug|Any CPU
		{6BEE77DF-2DD2-41C3-BA16-60E20B1EDDCC}.Debug|x86.Build.0 = Debug|Any CPU
		{6BEE77DF-2DD2-41C3-BA16-60E20B1EDDCC}.MailSystem Dev|Any CPU.ActiveCfg = MailSystem Dev|Any CPU
		{6BEE77DF-2DD2-41C3-BA16-60E20B1EDDCC}.MailSystem Dev|Any CPU.Build.0 = MailSystem Dev|Any CPU
		{6BEE77DF-2DD2-41C3-BA16-60E20B1EDDCC}.MailSystem Dev|x64.ActiveCfg = MailSystem Dev|Any CPU
		{6BEE77DF-2DD2-41C3-BA16-60E20B1EDDCC}.MailSystem Dev|x64.Build.0 = MailSystem Dev|Any CPU
		{6BEE77DF-2DD2-41C3-BA16-60E20B1EDDCC}.MailSystem Dev|x86.ActiveCfg = MailSystem Dev|Any CPU
		{6BEE77DF-2DD2-41C3-BA16-60E20B1EDDCC}.MailSystem Dev|x86.Build.0 = MailSystem Dev|Any CPU
		{6BEE77DF-2DD2-41C3-BA16-60E20B1EDDCC}.Release|Any CPU.ActiveCfg = Release|Any CPU
		{6BEE77DF-2DD2-41C3-BA16-60E20B1EDDCC}.Release|Any CPU.Build.0 = Release|Any CPU
		{6BEE77DF-2DD2-41C3-BA16-60E20B1EDDCC}.Release|x64.ActiveCfg = Release|Any CPU
		{6BEE77DF-2DD2-41C3-BA16-60E20B1EDDCC}.Release|x64.Build.0 = Release|Any CPU
		{6BEE77DF-2DD2-41C3-BA16-60E20B1EDDCC}.Release|x86.ActiveCfg = Release|Any CPU
		{6BEE77DF-2DD2-41C3-BA16-60E20B1EDDCC}.Release|x86.Build.0 = Release|Any CPU
		{6BEE77DF-2DD2-41C3-BA16-60E20B1EDDCC}.Retail|Any CPU.ActiveCfg = Retail|Any CPU
		{6BEE77DF-2DD2-41C3-BA16-60E20B1EDDCC}.Retail|Any CPU.Build.0 = Retail|Any CPU
		{6BEE77DF-2DD2-41C3-BA16-60E20B1EDDCC}.Retail|x64.ActiveCfg = Retail|Any CPU
		{6BEE77DF-2DD2-41C3-BA16-60E20B1EDDCC}.Retail|x64.Build.0 = Retail|Any CPU
		{6BEE77DF-2DD2-41C3-BA16-60E20B1EDDCC}.Retail|x86.ActiveCfg = Retail|Any CPU
		{6BEE77DF-2DD2-41C3-BA16-60E20B1EDDCC}.Retail|x86.Build.0 = Retail|Any CPU
		{6BEE77DF-2DD2-41C3-BA16-60E20B1EDDCC}.Trial|Any CPU.ActiveCfg = Trial|Any CPU
		{6BEE77DF-2DD2-41C3-BA16-60E20B1EDDCC}.Trial|Any CPU.Build.0 = Trial|Any CPU
		{6BEE77DF-2DD2-41C3-BA16-60E20B1EDDCC}.Trial|x64.ActiveCfg = Trial|Any CPU
		{6BEE77DF-2DD2-41C3-BA16-60E20B1EDDCC}.Trial|x64.Build.0 = Trial|Any CPU
		{6BEE77DF-2DD2-41C3-BA16-60E20B1EDDCC}.Trial|x86.ActiveCfg = Trial|Any CPU
		{6BEE77DF-2DD2-41C3-BA16-60E20B1EDDCC}.Trial|x86.Build.0 = Trial|Any CPU
		{3F01CF20-C49D-44A9-AA57-68F04915FE97}.Debug|Any CPU.ActiveCfg = Debug|Any CPU
		{3F01CF20-C49D-44A9-AA57-68F04915FE97}.Debug|Any CPU.Build.0 = Debug|Any CPU
		{3F01CF20-C49D-44A9-AA57-68F04915FE97}.Debug|x64.ActiveCfg = Debug|Any CPU
		{3F01CF20-C49D-44A9-AA57-68F04915FE97}.Debug|x64.Build.0 = Debug|Any CPU
		{3F01CF20-C49D-44A9-AA57-68F04915FE97}.Debug|x86.ActiveCfg = Debug|Any CPU
		{3F01CF20-C49D-44A9-AA57-68F04915FE97}.Debug|x86.Build.0 = Debug|Any CPU
		{3F01CF20-C49D-44A9-AA57-68F04915FE97}.MailSystem Dev|Any CPU.ActiveCfg = MailSystem Dev|Any CPU
		{3F01CF20-C49D-44A9-AA57-68F04915FE97}.MailSystem Dev|Any CPU.Build.0 = MailSystem Dev|Any CPU
		{3F01CF20-C49D-44A9-AA57-68F04915FE97}.MailSystem Dev|x64.ActiveCfg = MailSystem Dev|Any CPU
		{3F01CF20-C49D-44A9-AA57-68F04915FE97}.MailSystem Dev|x64.Build.0 = MailSystem Dev|Any CPU
		{3F01CF20-C49D-44A9-AA57-68F04915FE97}.MailSystem Dev|x86.ActiveCfg = MailSystem Dev|Any CPU
		{3F01CF20-C49D-44A9-AA57-68F04915FE97}.MailSystem Dev|x86.Build.0 = MailSystem Dev|Any CPU
		{3F01CF20-C49D-44A9-AA57-68F04915FE97}.Release|Any CPU.ActiveCfg = Release|Any CPU
		{3F01CF20-C49D-44A9-AA57-68F04915FE97}.Release|Any CPU.Build.0 = Release|Any CPU
		{3F01CF20-C49D-44A9-AA57-68F04915FE97}.Release|x64.ActiveCfg = Release|Any CPU
		{3F01CF20-C49D-44A9-AA57-68F04915FE97}.Release|x64.Build.0 = Release|Any CPU
		{3F01CF20-C49D-44A9-AA57-68F04915FE97}.Release|x86.ActiveCfg = Release|Any CPU
		{3F01CF20-C49D-44A9-AA57-68F04915FE97}.Release|x86.Build.0 = Release|Any CPU
		{3F01CF20-C49D-44A9-AA57-68F04915FE97}.Retail|Any CPU.ActiveCfg = Retail|Any CPU
		{3F01CF20-C49D-44A9-AA57-68F04915FE97}.Retail|Any CPU.Build.0 = Retail|Any CPU
		{3F01CF20-C49D-44A9-AA57-68F04915FE97}.Retail|x64.ActiveCfg = Retail|Any CPU
		{3F01CF20-C49D-44A9-AA57-68F04915FE97}.Retail|x64.Build.0 = Retail|Any CPU
		{3F01CF20-C49D-44A9-AA57-68F04915FE97}.Retail|x86.ActiveCfg = Retail|Any CPU
		{3F01CF20-C49D-44A9-AA57-68F04915FE97}.Retail|x86.Build.0 = Retail|Any CPU
		{3F01CF20-C49D-44A9-AA57-68F04915FE97}.Trial|Any CPU.ActiveCfg = Trial|Any CPU
		{3F01CF20-C49D-44A9-AA57-68F04915FE97}.Trial|Any CPU.Build.0 = Trial|Any CPU
		{3F01CF20-C49D-44A9-AA57-68F04915FE97}.Trial|x64.ActiveCfg = Trial|Any CPU
		{3F01CF20-C49D-44A9-AA57-68F04915FE97}.Trial|x64.Build.0 = Trial|Any CPU
		{3F01CF20-C49D-44A9-AA57-68F04915FE97}.Trial|x86.ActiveCfg = Trial|Any CPU
		{3F01CF20-C49D-44A9-AA57-68F04915FE97}.Trial|x86.Build.0 = Trial|Any CPU
		{D9BCD15E-A438-4554-89D3-1CF122167FDD}.Debug|Any CPU.ActiveCfg = Debug|Any CPU
		{D9BCD15E-A438-4554-89D3-1CF122167FDD}.Debug|Any CPU.Build.0 = Debug|Any CPU
		{D9BCD15E-A438-4554-89D3-1CF122167FDD}.Debug|x64.ActiveCfg = Debug|Any CPU
		{D9BCD15E-A438-4554-89D3-1CF122167FDD}.Debug|x64.Build.0 = Debug|Any CPU
		{D9BCD15E-A438-4554-89D3-1CF122167FDD}.Debug|x86.ActiveCfg = Debug|Any CPU
		{D9BCD15E-A438-4554-89D3-1CF122167FDD}.Debug|x86.Build.0 = Debug|Any CPU
		{D9BCD15E-A438-4554-89D3-1CF122167FDD}.MailSystem Dev|Any CPU.ActiveCfg = MailSystem Dev|Any CPU
		{D9BCD15E-A438-4554-89D3-1CF122167FDD}.MailSystem Dev|Any CPU.Build.0 = MailSystem Dev|Any CPU
		{D9BCD15E-A438-4554-89D3-1CF122167FDD}.MailSystem Dev|x64.ActiveCfg = MailSystem Dev|Any CPU
		{D9BCD15E-A438-4554-89D3-1CF122167FDD}.MailSystem Dev|x64.Build.0 = MailSystem Dev|Any CPU
		{D9BCD15E-A438-4554-89D3-1CF122167FDD}.MailSystem Dev|x86.ActiveCfg = MailSystem Dev|Any CPU
		{D9BCD15E-A438-4554-89D3-1CF122167FDD}.MailSystem Dev|x86.Build.0 = MailSystem Dev|Any CPU
		{D9BCD15E-A438-4554-89D3-1CF122167FDD}.Release|Any CPU.ActiveCfg = Release|Any CPU
		{D9BCD15E-A438-4554-89D3-1CF122167FDD}.Release|Any CPU.Build.0 = Release|Any CPU
		{D9BCD15E-A438-4554-89D3-1CF122167FDD}.Release|x64.ActiveCfg = Release|Any CPU
		{D9BCD15E-A438-4554-89D3-1CF122167FDD}.Release|x64.Build.0 = Release|Any CPU
		{D9BCD15E-A438-4554-89D3-1CF122167FDD}.Release|x86.ActiveCfg = Release|Any CPU
		{D9BCD15E-A438-4554-89D3-1CF122167FDD}.Release|x86.Build.0 = Release|Any CPU
		{D9BCD15E-A438-4554-89D3-1CF122167FDD}.Retail|Any CPU.ActiveCfg = Retail|Any CPU
		{D9BCD15E-A438-4554-89D3-1CF122167FDD}.Retail|Any CPU.Build.0 = Retail|Any CPU
		{D9BCD15E-A438-4554-89D3-1CF122167FDD}.Retail|x64.ActiveCfg = Retail|Any CPU
		{D9BCD15E-A438-4554-89D3-1CF122167FDD}.Retail|x64.Build.0 = Retail|Any CPU
		{D9BCD15E-A438-4554-89D3-1CF122167FDD}.Retail|x86.ActiveCfg = Retail|Any CPU
		{D9BCD15E-A438-4554-89D3-1CF122167FDD}.Retail|x86.Build.0 = Retail|Any CPU
		{D9BCD15E-A438-4554-89D3-1CF122167FDD}.Trial|Any CPU.ActiveCfg = Trial|Any CPU
		{D9BCD15E-A438-4554-89D3-1CF122167FDD}.Trial|Any CPU.Build.0 = Trial|Any CPU
		{D9BCD15E-A438-4554-89D3-1CF122167FDD}.Trial|x64.ActiveCfg = Trial|Any CPU
		{D9BCD15E-A438-4554-89D3-1CF122167FDD}.Trial|x64.Build.0 = Trial|Any CPU
		{D9BCD15E-A438-4554-89D3-1CF122167FDD}.Trial|x86.ActiveCfg = Trial|Any CPU
		{D9BCD15E-A438-4554-89D3-1CF122167FDD}.Trial|x86.Build.0 = Trial|Any CPU
		{ADB531C5-221B-4182-8270-799AF268C75A}.Debug|Any CPU.ActiveCfg = Debug|Any CPU
		{ADB531C5-221B-4182-8270-799AF268C75A}.Debug|Any CPU.Build.0 = Debug|Any CPU
		{ADB531C5-221B-4182-8270-799AF268C75A}.Debug|x64.ActiveCfg = Debug|x64
		{ADB531C5-221B-4182-8270-799AF268C75A}.Debug|x64.Build.0 = Debug|x64
		{ADB531C5-221B-4182-8270-799AF268C75A}.Debug|x86.ActiveCfg = Debug|x86
		{ADB531C5-221B-4182-8270-799AF268C75A}.Debug|x86.Build.0 = Debug|x86
		{ADB531C5-221B-4182-8270-799AF268C75A}.MailSystem Dev|Any CPU.ActiveCfg = Release|Any CPU
		{ADB531C5-221B-4182-8270-799AF268C75A}.MailSystem Dev|Any CPU.Build.0 = Release|Any CPU
		{ADB531C5-221B-4182-8270-799AF268C75A}.MailSystem Dev|x64.ActiveCfg = Release|x64
		{ADB531C5-221B-4182-8270-799AF268C75A}.MailSystem Dev|x64.Build.0 = Release|x64
		{ADB531C5-221B-4182-8270-799AF268C75A}.MailSystem Dev|x86.ActiveCfg = Release|x86
		{ADB531C5-221B-4182-8270-799AF268C75A}.MailSystem Dev|x86.Build.0 = Release|x86
		{ADB531C5-221B-4182-8270-799AF268C75A}.Release|Any CPU.ActiveCfg = Release|Any CPU
		{ADB531C5-221B-4182-8270-799AF268C75A}.Release|Any CPU.Build.0 = Release|Any CPU
		{ADB531C5-221B-4182-8270-799AF268C75A}.Release|x64.ActiveCfg = Release|x64
		{ADB531C5-221B-4182-8270-799AF268C75A}.Release|x64.Build.0 = Release|x64
		{ADB531C5-221B-4182-8270-799AF268C75A}.Release|x86.ActiveCfg = Release|x86
		{ADB531C5-221B-4182-8270-799AF268C75A}.Release|x86.Build.0 = Release|x86
		{ADB531C5-221B-4182-8270-799AF268C75A}.Retail|Any CPU.ActiveCfg = Release|Any CPU
		{ADB531C5-221B-4182-8270-799AF268C75A}.Retail|Any CPU.Build.0 = Release|Any CPU
		{ADB531C5-221B-4182-8270-799AF268C75A}.Retail|x64.ActiveCfg = Release|x64
		{ADB531C5-221B-4182-8270-799AF268C75A}.Retail|x64.Build.0 = Release|x64
		{ADB531C5-221B-4182-8270-799AF268C75A}.Retail|x86.ActiveCfg = Release|x86
		{ADB531C5-221B-4182-8270-799AF268C75A}.Retail|x86.Build.0 = Release|x86
		{ADB531C5-221B-4182-8270-799AF268C75A}.Trial|Any CPU.ActiveCfg = Release|Any CPU
		{ADB531C5-221B-4182-8270-799AF268C75A}.Trial|Any CPU.Build.0 = Release|Any CPU
		{ADB531C5-221B-4182-8270-799AF268C75A}.Trial|x64.ActiveCfg = Release|x64
		{ADB531C5-221B-4182-8270-799AF268C75A}.Trial|x64.Build.0 = Release|x64
		{ADB531C5-221B-4182-8270-799AF268C75A}.Trial|x86.ActiveCfg = Release|x86
		{ADB531C5-221B-4182-8270-799AF268C75A}.Trial|x86.Build.0 = Release|x86
		{647C1188-A0DA-412B-9640-218CF6C3E99A}.Debug|Any CPU.ActiveCfg = Debug|Any CPU
		{647C1188-A0DA-412B-9640-218CF6C3E99A}.Debug|Any CPU.Build.0 = Debug|Any CPU
		{647C1188-A0DA-412B-9640-218CF6C3E99A}.Debug|x64.ActiveCfg = Debug|x64
		{647C1188-A0DA-412B-9640-218CF6C3E99A}.Debug|x64.Build.0 = Debug|x64
		{647C1188-A0DA-412B-9640-218CF6C3E99A}.Debug|x86.ActiveCfg = Debug|x86
		{647C1188-A0DA-412B-9640-218CF6C3E99A}.Debug|x86.Build.0 = Debug|x86
		{647C1188-A0DA-412B-9640-218CF6C3E99A}.MailSystem Dev|Any CPU.ActiveCfg = Release|Any CPU
		{647C1188-A0DA-412B-9640-218CF6C3E99A}.MailSystem Dev|Any CPU.Build.0 = Release|Any CPU
		{647C1188-A0DA-412B-9640-218CF6C3E99A}.MailSystem Dev|x64.ActiveCfg = Release|x64
		{647C1188-A0DA-412B-9640-218CF6C3E99A}.MailSystem Dev|x64.Build.0 = Release|x64
		{647C1188-A0DA-412B-9640-218CF6C3E99A}.MailSystem Dev|x86.ActiveCfg = Release|x86
		{647C1188-A0DA-412B-9640-218CF6C3E99A}.MailSystem Dev|x86.Build.0 = Release|x86
		{647C1188-A0DA-412B-9640-218CF6C3E99A}.Release|Any CPU.ActiveCfg = Release|Any CPU
		{647C1188-A0DA-412B-9640-218CF6C3E99A}.Release|Any CPU.Build.0 = Release|Any CPU
		{647C1188-A0DA-412B-9640-218CF6C3E99A}.Release|x64.ActiveCfg = Release|x64
		{647C1188-A0DA-412B-9640-218CF6C3E99A}.Release|x64.Build.0 = Release|x64
		{647C1188-A0DA-412B-9640-218CF6C3E99A}.Release|x86.ActiveCfg = Release|x86
		{647C1188-A0DA-412B-9640-218CF6C3E99A}.Release|x86.Build.0 = Release|x86
		{647C1188-A0DA-412B-9640-218CF6C3E99A}.Retail|Any CPU.ActiveCfg = Release|Any CPU
		{647C1188-A0DA-412B-9640-218CF6C3E99A}.Retail|Any CPU.Build.0 = Release|Any CPU
		{647C1188-A0DA-412B-9640-218CF6C3E99A}.Retail|x64.ActiveCfg = Release|x64
		{647C1188-A0DA-412B-9640-218CF6C3E99A}.Retail|x64.Build.0 = Release|x64
		{647C1188-A0DA-412B-9640-218CF6C3E99A}.Retail|x86.ActiveCfg = Release|x86
		{647C1188-A0DA-412B-9640-218CF6C3E99A}.Retail|x86.Build.0 = Release|x86
		{647C1188-A0DA-412B-9640-218CF6C3E99A}.Trial|Any CPU.ActiveCfg = Release|Any CPU
		{647C1188-A0DA-412B-9640-218CF6C3E99A}.Trial|Any CPU.Build.0 = Release|Any CPU
		{647C1188-A0DA-412B-9640-218CF6C3E99A}.Trial|x64.ActiveCfg = Release|x64
		{647C1188-A0DA-412B-9640-218CF6C3E99A}.Trial|x64.Build.0 = Release|x64
		{647C1188-A0DA-412B-9640-218CF6C3E99A}.Trial|x86.ActiveCfg = Release|x86
		{647C1188-A0DA-412B-9640-218CF6C3E99A}.Trial|x86.Build.0 = Release|x86
		{492C4859-0E27-4F6A-8E85-EC0B479FE035}.Debug|Any CPU.ActiveCfg = Debug|Any CPU
		{492C4859-0E27-4F6A-8E85-EC0B479FE035}.Debug|Any CPU.Build.0 = Debug|Any CPU
		{492C4859-0E27-4F6A-8E85-EC0B479FE035}.Debug|x64.ActiveCfg = Debug|x64
		{492C4859-0E27-4F6A-8E85-EC0B479FE035}.Debug|x64.Build.0 = Debug|x64
		{492C4859-0E27-4F6A-8E85-EC0B479FE035}.Debug|x86.ActiveCfg = Debug|x86
		{492C4859-0E27-4F6A-8E85-EC0B479FE035}.Debug|x86.Build.0 = Debug|x86
		{492C4859-0E27-4F6A-8E85-EC0B479FE035}.MailSystem Dev|Any CPU.ActiveCfg = Release|Any CPU
		{492C4859-0E27-4F6A-8E85-EC0B479FE035}.MailSystem Dev|Any CPU.Build.0 = Release|Any CPU
		{492C4859-0E27-4F6A-8E85-EC0B479FE035}.MailSystem Dev|x64.ActiveCfg = Release|x64
		{492C4859-0E27-4F6A-8E85-EC0B479FE035}.MailSystem Dev|x64.Build.0 = Release|x64
		{492C4859-0E27-4F6A-8E85-EC0B479FE035}.MailSystem Dev|x86.ActiveCfg = Release|x86
		{492C4859-0E27-4F6A-8E85-EC0B479FE035}.MailSystem Dev|x86.Build.0 = Release|x86
		{492C4859-0E27-4F6A-8E85-EC0B479FE035}.Release|Any CPU.ActiveCfg = Release|Any CPU
		{492C4859-0E27-4F6A-8E85-EC0B479FE035}.Release|Any CPU.Build.0 = Release|Any CPU
		{492C4859-0E27-4F6A-8E85-EC0B479FE035}.Release|x64.ActiveCfg = Release|x64
		{492C4859-0E27-4F6A-8E85-EC0B479FE035}.Release|x64.Build.0 = Release|x64
		{492C4859-0E27-4F6A-8E85-EC0B479FE035}.Release|x86.ActiveCfg = Release|x86
		{492C4859-0E27-4F6A-8E85-EC0B479FE035}.Release|x86.Build.0 = Release|x86
		{492C4859-0E27-4F6A-8E85-EC0B479FE035}.Retail|Any CPU.ActiveCfg = Release|Any CPU
		{492C4859-0E27-4F6A-8E85-EC0B479FE035}.Retail|Any CPU.Build.0 = Release|Any CPU
		{492C4859-0E27-4F6A-8E85-EC0B479FE035}.Retail|x64.ActiveCfg = Release|x64
		{492C4859-0E27-4F6A-8E85-EC0B479FE035}.Retail|x64.Build.0 = Release|x64
		{492C4859-0E27-4F6A-8E85-EC0B479FE035}.Retail|x86.ActiveCfg = Release|x86
		{492C4859-0E27-4F6A-8E85-EC0B479FE035}.Retail|x86.Build.0 = Release|x86
		{492C4859-0E27-4F6A-8E85-EC0B479FE035}.Trial|Any CPU.ActiveCfg = Release|Any CPU
		{492C4859-0E27-4F6A-8E85-EC0B479FE035}.Trial|Any CPU.Build.0 = Release|Any CPU
		{492C4859-0E27-4F6A-8E85-EC0B479FE035}.Trial|x64.ActiveCfg = Release|x64
		{492C4859-0E27-4F6A-8E85-EC0B479FE035}.Trial|x64.Build.0 = Release|x64
		{492C4859-0E27-4F6A-8E85-EC0B479FE035}.Trial|x86.ActiveCfg = Release|x86
		{492C4859-0E27-4F6A-8E85-EC0B479FE035}.Trial|x86.Build.0 = Release|x86
		{66272711-71C1-4DD0-9B02-2800585A3A1D}.Debug|Any CPU.ActiveCfg = Debug|Any CPU
		{66272711-71C1-4DD0-9B02-2800585A3A1D}.Debug|Any CPU.Build.0 = Debug|Any CPU
		{66272711-71C1-4DD0-9B02-2800585A3A1D}.Debug|x64.ActiveCfg = Debug|Any CPU
		{66272711-71C1-4DD0-9B02-2800585A3A1D}.Debug|x64.Build.0 = Debug|Any CPU
		{66272711-71C1-4DD0-9B02-2800585A3A1D}.Debug|x86.ActiveCfg = Debug|Any CPU
		{66272711-71C1-4DD0-9B02-2800585A3A1D}.Debug|x86.Build.0 = Debug|Any CPU
		{66272711-71C1-4DD0-9B02-2800585A3A1D}.MailSystem Dev|Any CPU.ActiveCfg = Release|Any CPU
		{66272711-71C1-4DD0-9B02-2800585A3A1D}.MailSystem Dev|Any CPU.Build.0 = Release|Any CPU
		{66272711-71C1-4DD0-9B02-2800585A3A1D}.MailSystem Dev|x64.ActiveCfg = Release|Any CPU
		{66272711-71C1-4DD0-9B02-2800585A3A1D}.MailSystem Dev|x64.Build.0 = Release|Any CPU
		{66272711-71C1-4DD0-9B02-2800585A3A1D}.MailSystem Dev|x86.ActiveCfg = Release|Any CPU
		{66272711-71C1-4DD0-9B02-2800585A3A1D}.MailSystem Dev|x86.Build.0 = Release|Any CPU
		{66272711-71C1-4DD0-9B02-2800585A3A1D}.Release|Any CPU.ActiveCfg = Release|Any CPU
		{66272711-71C1-4DD0-9B02-2800585A3A1D}.Release|Any CPU.Build.0 = Release|Any CPU
		{66272711-71C1-4DD0-9B02-2800585A3A1D}.Release|x64.ActiveCfg = Release|Any CPU
		{66272711-71C1-4DD0-9B02-2800585A3A1D}.Release|x64.Build.0 = Release|Any CPU
		{66272711-71C1-4DD0-9B02-2800585A3A1D}.Release|x86.ActiveCfg = Release|Any CPU
		{66272711-71C1-4DD0-9B02-2800585A3A1D}.Release|x86.Build.0 = Release|Any CPU
		{66272711-71C1-4DD0-9B02-2800585A3A1D}.Retail|Any CPU.ActiveCfg = Release|Any CPU
		{66272711-71C1-4DD0-9B02-2800585A3A1D}.Retail|Any CPU.Build.0 = Release|Any CPU
		{66272711-71C1-4DD0-9B02-2800585A3A1D}.Retail|x64.ActiveCfg = Release|Any CPU
		{66272711-71C1-4DD0-9B02-2800585A3A1D}.Retail|x64.Build.0 = Release|Any CPU
		{66272711-71C1-4DD0-9B02-2800585A3A1D}.Retail|x86.ActiveCfg = Release|Any CPU
		{66272711-71C1-4DD0-9B02-2800585A3A1D}.Retail|x86.Build.0 = Release|Any CPU
		{66272711-71C1-4DD0-9B02-2800585A3A1D}.Trial|Any CPU.ActiveCfg = Release|Any CPU
		{66272711-71C1-4DD0-9B02-2800585A3A1D}.Trial|Any CPU.Build.0 = Release|Any CPU
		{66272711-71C1-4DD0-9B02-2800585A3A1D}.Trial|x64.ActiveCfg = Release|Any CPU
		{66272711-71C1-4DD0-9B02-2800585A3A1D}.Trial|x64.Build.0 = Release|Any CPU
		{66272711-71C1-4DD0-9B02-2800585A3A1D}.Trial|x86.ActiveCfg = Release|Any CPU
		{66272711-71C1-4DD0-9B02-2800585A3A1D}.Trial|x86.Build.0 = Release|Any CPU
		{C67D38CA-DC29-416B-8ECA-3F9317ED0C88}.Debug|Any CPU.ActiveCfg = Debug|Any CPU
		{C67D38CA-DC29-416B-8ECA-3F9317ED0C88}.Debug|Any CPU.Build.0 = Debug|Any CPU
		{C67D38CA-DC29-416B-8ECA-3F9317ED0C88}.Debug|x64.ActiveCfg = Debug|Any CPU
		{C67D38CA-DC29-416B-8ECA-3F9317ED0C88}.Debug|x64.Build.0 = Debug|Any CPU
		{C67D38CA-DC29-416B-8ECA-3F9317ED0C88}.Debug|x86.ActiveCfg = Debug|Any CPU
		{C67D38CA-DC29-416B-8ECA-3F9317ED0C88}.Debug|x86.Build.0 = Debug|Any CPU
		{C67D38CA-DC29-416B-8ECA-3F9317ED0C88}.MailSystem Dev|Any CPU.ActiveCfg = Release|Any CPU
		{C67D38CA-DC29-416B-8ECA-3F9317ED0C88}.MailSystem Dev|Any CPU.Build.0 = Release|Any CPU
		{C67D38CA-DC29-416B-8ECA-3F9317ED0C88}.MailSystem Dev|x64.ActiveCfg = Release|Any CPU
		{C67D38CA-DC29-416B-8ECA-3F9317ED0C88}.MailSystem Dev|x64.Build.0 = Release|Any CPU
		{C67D38CA-DC29-416B-8ECA-3F9317ED0C88}.MailSystem Dev|x86.ActiveCfg = Release|Any CPU
		{C67D38CA-DC29-416B-8ECA-3F9317ED0C88}.MailSystem Dev|x86.Build.0 = Release|Any CPU
		{C67D38CA-DC29-416B-8ECA-3F9317ED0C88}.Release|Any CPU.ActiveCfg = Release|Any CPU
		{C67D38CA-DC29-416B-8ECA-3F9317ED0C88}.Release|Any CPU.Build.0 = Release|Any CPU
		{C67D38CA-DC29-416B-8ECA-3F9317ED0C88}.Release|x64.ActiveCfg = Release|Any CPU
		{C67D38CA-DC29-416B-8ECA-3F9317ED0C88}.Release|x64.Build.0 = Release|Any CPU
		{C67D38CA-DC29-416B-8ECA-3F9317ED0C88}.Release|x86.ActiveCfg = Release|Any CPU
		{C67D38CA-DC29-416B-8ECA-3F9317ED0C88}.Release|x86.Build.0 = Release|Any CPU
		{C67D38CA-DC29-416B-8ECA-3F9317ED0C88}.Retail|Any CPU.ActiveCfg = Release|Any CPU
		{C67D38CA-DC29-416B-8ECA-3F9317ED0C88}.Retail|Any CPU.Build.0 = Release|Any CPU
		{C67D38CA-DC29-416B-8ECA-3F9317ED0C88}.Retail|x64.ActiveCfg = Release|Any CPU
		{C67D38CA-DC29-416B-8ECA-3F9317ED0C88}.Retail|x64.Build.0 = Release|Any CPU
		{C67D38CA-DC29-416B-8ECA-3F9317ED0C88}.Retail|x86.ActiveCfg = Release|Any CPU
		{C67D38CA-DC29-416B-8ECA-3F9317ED0C88}.Retail|x86.Build.0 = Release|Any CPU
		{C67D38CA-DC29-416B-8ECA-3F9317ED0C88}.Trial|Any CPU.ActiveCfg = Release|Any CPU
		{C67D38CA-DC29-416B-8ECA-3F9317ED0C88}.Trial|Any CPU.Build.0 = Release|Any CPU
		{C67D38CA-DC29-416B-8ECA-3F9317ED0C88}.Trial|x64.ActiveCfg = Release|Any CPU
		{C67D38CA-DC29-416B-8ECA-3F9317ED0C88}.Trial|x64.Build.0 = Release|Any CPU
		{C67D38CA-DC29-416B-8ECA-3F9317ED0C88}.Trial|x86.ActiveCfg = Release|Any CPU
		{C67D38CA-DC29-416B-8ECA-3F9317ED0C88}.Trial|x86.Build.0 = Release|Any CPU
		{62E74FAF-8C36-4874-8598-545F2A8371DA}.Debug|Any CPU.ActiveCfg = Debug|Any CPU
		{62E74FAF-8C36-4874-8598-545F2A8371DA}.Debug|Any CPU.Build.0 = Debug|Any CPU
		{62E74FAF-8C36-4874-8598-545F2A8371DA}.Debug|x64.ActiveCfg = Debug|Any CPU
		{62E74FAF-8C36-4874-8598-545F2A8371DA}.Debug|x64.Build.0 = Debug|Any CPU
		{62E74FAF-8C36-4874-8598-545F2A8371DA}.Debug|x86.ActiveCfg = Debug|Any CPU
		{62E74FAF-8C36-4874-8598-545F2A8371DA}.Debug|x86.Build.0 = Debug|Any CPU
		{62E74FAF-8C36-4874-8598-545F2A8371DA}.MailSystem Dev|Any CPU.ActiveCfg = Release|Any CPU
		{62E74FAF-8C36-4874-8598-545F2A8371DA}.MailSystem Dev|Any CPU.Build.0 = Release|Any CPU
		{62E74FAF-8C36-4874-8598-545F2A8371DA}.MailSystem Dev|x64.ActiveCfg = Release|Any CPU
		{62E74FAF-8C36-4874-8598-545F2A8371DA}.MailSystem Dev|x64.Build.0 = Release|Any CPU
		{62E74FAF-8C36-4874-8598-545F2A8371DA}.MailSystem Dev|x86.ActiveCfg = Release|Any CPU
		{62E74FAF-8C36-4874-8598-545F2A8371DA}.MailSystem Dev|x86.Build.0 = Release|Any CPU
		{62E74FAF-8C36-4874-8598-545F2A8371DA}.Release|Any CPU.ActiveCfg = Release|Any CPU
		{62E74FAF-8C36-4874-8598-545F2A8371DA}.Release|Any CPU.Build.0 = Release|Any CPU
		{62E74FAF-8C36-4874-8598-545F2A8371DA}.Release|x64.ActiveCfg = Release|Any CPU
		{62E74FAF-8C36-4874-8598-545F2A8371DA}.Release|x64.Build.0 = Release|Any CPU
		{62E74FAF-8C36-4874-8598-545F2A8371DA}.Release|x86.ActiveCfg = Release|Any CPU
		{62E74FAF-8C36-4874-8598-545F2A8371DA}.Release|x86.Build.0 = Release|Any CPU
		{62E74FAF-8C36-4874-8598-545F2A8371DA}.Retail|Any CPU.ActiveCfg = Release|Any CPU
		{62E74FAF-8C36-4874-8598-545F2A8371DA}.Retail|Any CPU.Build.0 = Release|Any CPU
		{62E74FAF-8C36-4874-8598-545F2A8371DA}.Retail|x64.ActiveCfg = Release|Any CPU
		{62E74FAF-8C36-4874-8598-545F2A8371DA}.Retail|x64.Build.0 = Release|Any CPU
		{62E74FAF-8C36-4874-8598-545F2A8371DA}.Retail|x86.ActiveCfg = Release|Any CPU
		{62E74FAF-8C36-4874-8598-545F2A8371DA}.Retail|x86.Build.0 = Release|Any CPU
		{62E74FAF-8C36-4874-8598-545F2A8371DA}.Trial|Any CPU.ActiveCfg = Release|Any CPU
		{62E74FAF-8C36-4874-8598-545F2A8371DA}.Trial|Any CPU.Build.0 = Release|Any CPU
		{62E74FAF-8C36-4874-8598-545F2A8371DA}.Trial|x64.ActiveCfg = Release|Any CPU
		{62E74FAF-8C36-4874-8598-545F2A8371DA}.Trial|x64.Build.0 = Release|Any CPU
		{62E74FAF-8C36-4874-8598-545F2A8371DA}.Trial|x86.ActiveCfg = Release|Any CPU
		{62E74FAF-8C36-4874-8598-545F2A8371DA}.Trial|x86.Build.0 = Release|Any CPU
		{71BFA2EB-BACD-4576-8448-D9A7187FA62F}.Debug|Any CPU.ActiveCfg = Debug|Any CPU
		{71BFA2EB-BACD-4576-8448-D9A7187FA62F}.Debug|Any CPU.Build.0 = Debug|Any CPU
		{71BFA2EB-BACD-4576-8448-D9A7187FA62F}.Debug|x64.ActiveCfg = Debug|Any CPU
		{71BFA2EB-BACD-4576-8448-D9A7187FA62F}.Debug|x64.Build.0 = Debug|Any CPU
		{71BFA2EB-BACD-4576-8448-D9A7187FA62F}.Debug|x86.ActiveCfg = Debug|Any CPU
		{71BFA2EB-BACD-4576-8448-D9A7187FA62F}.Debug|x86.Build.0 = Debug|Any CPU
		{71BFA2EB-BACD-4576-8448-D9A7187FA62F}.MailSystem Dev|Any CPU.ActiveCfg = Release|Any CPU
		{71BFA2EB-BACD-4576-8448-D9A7187FA62F}.MailSystem Dev|Any CPU.Build.0 = Release|Any CPU
		{71BFA2EB-BACD-4576-8448-D9A7187FA62F}.MailSystem Dev|x64.ActiveCfg = Release|Any CPU
		{71BFA2EB-BACD-4576-8448-D9A7187FA62F}.MailSystem Dev|x64.Build.0 = Release|Any CPU
		{71BFA2EB-BACD-4576-8448-D9A7187FA62F}.MailSystem Dev|x86.ActiveCfg = Release|Any CPU
		{71BFA2EB-BACD-4576-8448-D9A7187FA62F}.MailSystem Dev|x86.Build.0 = Release|Any CPU
		{71BFA2EB-BACD-4576-8448-D9A7187FA62F}.Release|Any CPU.ActiveCfg = Release|Any CPU
		{71BFA2EB-BACD-4576-8448-D9A7187FA62F}.Release|Any CPU.Build.0 = Release|Any CPU
		{71BFA2EB-BACD-4576-8448-D9A7187FA62F}.Release|x64.ActiveCfg = Release|Any CPU
		{71BFA2EB-BACD-4576-8448-D9A7187FA62F}.Release|x64.Build.0 = Release|Any CPU
		{71BFA2EB-BACD-4576-8448-D9A7187FA62F}.Release|x86.ActiveCfg = Release|Any CPU
		{71BFA2EB-BACD-4576-8448-D9A7187FA62F}.Release|x86.Build.0 = Release|Any CPU
		{71BFA2EB-BACD-4576-8448-D9A7187FA62F}.Retail|Any CPU.ActiveCfg = Release|Any CPU
		{71BFA2EB-BACD-4576-8448-D9A7187FA62F}.Retail|Any CPU.Build.0 = Release|Any CPU
		{71BFA2EB-BACD-4576-8448-D9A7187FA62F}.Retail|x64.ActiveCfg = Release|Any CPU
		{71BFA2EB-BACD-4576-8448-D9A7187FA62F}.Retail|x64.Build.0 = Release|Any CPU
		{71BFA2EB-BACD-4576-8448-D9A7187FA62F}.Retail|x86.ActiveCfg = Release|Any CPU
		{71BFA2EB-BACD-4576-8448-D9A7187FA62F}.Retail|x86.Build.0 = Release|Any CPU
		{71BFA2EB-BACD-4576-8448-D9A7187FA62F}.Trial|Any CPU.ActiveCfg = Release|Any CPU
		{71BFA2EB-BACD-4576-8448-D9A7187FA62F}.Trial|Any CPU.Build.0 = Release|Any CPU
		{71BFA2EB-BACD-4576-8448-D9A7187FA62F}.Trial|x64.ActiveCfg = Release|Any CPU
		{71BFA2EB-BACD-4576-8448-D9A7187FA62F}.Trial|x64.Build.0 = Release|Any CPU
		{71BFA2EB-BACD-4576-8448-D9A7187FA62F}.Trial|x86.ActiveCfg = Release|Any CPU
		{71BFA2EB-BACD-4576-8448-D9A7187FA62F}.Trial|x86.Build.0 = Release|Any CPU
		{A3E89E05-618D-4C9E-B961-E684C1476168}.Debug|Any CPU.ActiveCfg = Debug|Any CPU
		{A3E89E05-618D-4C9E-B961-E684C1476168}.Debug|Any CPU.Build.0 = Debug|Any CPU
		{A3E89E05-618D-4C9E-B961-E684C1476168}.Debug|x64.ActiveCfg = Debug|Any CPU
		{A3E89E05-618D-4C9E-B961-E684C1476168}.Debug|x64.Build.0 = Debug|Any CPU
		{A3E89E05-618D-4C9E-B961-E684C1476168}.Debug|x86.ActiveCfg = Debug|Any CPU
		{A3E89E05-618D-4C9E-B961-E684C1476168}.Debug|x86.Build.0 = Debug|Any CPU
		{A3E89E05-618D-4C9E-B961-E684C1476168}.MailSystem Dev|Any CPU.ActiveCfg = Release|Any CPU
		{A3E89E05-618D-4C9E-B961-E684C1476168}.MailSystem Dev|Any CPU.Build.0 = Release|Any CPU
		{A3E89E05-618D-4C9E-B961-E684C1476168}.MailSystem Dev|x64.ActiveCfg = Release|Any CPU
		{A3E89E05-618D-4C9E-B961-E684C1476168}.MailSystem Dev|x64.Build.0 = Release|Any CPU
		{A3E89E05-618D-4C9E-B961-E684C1476168}.MailSystem Dev|x86.ActiveCfg = Release|Any CPU
		{A3E89E05-618D-4C9E-B961-E684C1476168}.MailSystem Dev|x86.Build.0 = Release|Any CPU
		{A3E89E05-618D-4C9E-B961-E684C1476168}.Release|Any CPU.ActiveCfg = Release|Any CPU
		{A3E89E05-618D-4C9E-B961-E684C1476168}.Release|Any CPU.Build.0 = Release|Any CPU
		{A3E89E05-618D-4C9E-B961-E684C1476168}.Release|x64.ActiveCfg = Release|Any CPU
		{A3E89E05-618D-4C9E-B961-E684C1476168}.Release|x64.Build.0 = Release|Any CPU
		{A3E89E05-618D-4C9E-B961-E684C1476168}.Release|x86.ActiveCfg = Release|Any CPU
		{A3E89E05-618D-4C9E-B961-E684C1476168}.Release|x86.Build.0 = Release|Any CPU
		{A3E89E05-618D-4C9E-B961-E684C1476168}.Retail|Any CPU.ActiveCfg = Release|Any CPU
		{A3E89E05-618D-4C9E-B961-E684C1476168}.Retail|Any CPU.Build.0 = Release|Any CPU
		{A3E89E05-618D-4C9E-B961-E684C1476168}.Retail|x64.ActiveCfg = Release|Any CPU
		{A3E89E05-618D-4C9E-B961-E684C1476168}.Retail|x64.Build.0 = Release|Any CPU
		{A3E89E05-618D-4C9E-B961-E684C1476168}.Retail|x86.ActiveCfg = Release|Any CPU
		{A3E89E05-618D-4C9E-B961-E684C1476168}.Retail|x86.Build.0 = Release|Any CPU
		{A3E89E05-618D-4C9E-B961-E684C1476168}.Trial|Any CPU.ActiveCfg = Release|Any CPU
		{A3E89E05-618D-4C9E-B961-E684C1476168}.Trial|Any CPU.Build.0 = Release|Any CPU
		{A3E89E05-618D-4C9E-B961-E684C1476168}.Trial|x64.ActiveCfg = Release|Any CPU
		{A3E89E05-618D-4C9E-B961-E684C1476168}.Trial|x64.Build.0 = Release|Any CPU
		{A3E89E05-618D-4C9E-B961-E684C1476168}.Trial|x86.ActiveCfg = Release|Any CPU
		{A3E89E05-618D-4C9E-B961-E684C1476168}.Trial|x86.Build.0 = Release|Any CPU
	EndGlobalSection
	GlobalSection(SolutionProperties) = preSolution
		HideSolutionNode = FALSE
	EndGlobalSection
	GlobalSection(NestedProjects) = preSolution
		{3A83AE95-C23F-48B4-9F1A-AD4B32C37B93} = {D4806BFE-4981-4A38-B2B9-4AAA0C68ABA9}
		{A82CE4DD-9B08-439C-BC28-CB7B2BFFA85C} = {D4806BFE-4981-4A38-B2B9-4AAA0C68ABA9}
		{6BEE77DF-2DD2-41C3-BA16-60E20B1EDDCC} = {D4806BFE-4981-4A38-B2B9-4AAA0C68ABA9}
		{3F01CF20-C49D-44A9-AA57-68F04915FE97} = {D4806BFE-4981-4A38-B2B9-4AAA0C68ABA9}
		{D9BCD15E-A438-4554-89D3-1CF122167FDD} = {D4806BFE-4981-4A38-B2B9-4AAA0C68ABA9}
		{ADB531C5-221B-4182-8270-799AF268C75A} = {7715B305-CA48-4644-9657-FEEFE2854881}
		{647C1188-A0DA-412B-9640-218CF6C3E99A} = {7715B305-CA48-4644-9657-FEEFE2854881}
		{492C4859-0E27-4F6A-8E85-EC0B479FE035} = {7715B305-CA48-4644-9657-FEEFE2854881}
	EndGlobalSection
EndGlobal
